
Microsoft Visual Studio Solution File, Format Version 12.00
# Visual Studio Version 17
VisualStudioVersion = 17.11.34929.205
MinimumVisualStudioVersion = 10.0.40219.1
Project("{FAE04EC0-301F-11D3-BF4B-00C04F79EFBC}") = "Exercise", "Exercise\Exercise.csproj", "{590A7ECD-0F11-4095-B102-3EE6922E0DCF}"
EndProject
Global
	GlobalSection(SolutionConfigurationPlatforms) = preSolution
		Debug|Any CPU = Debug|Any CPU
		Release|Any CPU = Release|Any CPU
	EndGlobalSection
	GlobalSection(ProjectConfigurationPlatforms) = postSolution
		{590A7ECD-0F11-4095-B102-3EE6922E0DCF}.Debug|Any CPU.ActiveCfg = Debug|Any CPU
		{590A7ECD-0F11-4095-B102-3EE6922E0DCF}.Debug|Any CPU.Build.0 = Debug|Any CPU
		{590A7ECD-0F11-4095-B102-3EE6922E0DCF}.Release|Any CPU.ActiveCfg = Release|Any CPU
		{590A7ECD-0F11-4095-B102-3EE6922E0DCF}.Release|Any CPU.Build.0 = Release|Any CPU
	EndGlobalSection
	GlobalSection(SolutionProperties) = preSolution
		HideSolutionNode = FALSE
	EndGlobalSection
	GlobalSection(ExtensibilityGlobals) = postSolution
		SolutionGuid = {59A01337-CE16-41E8-ADD6-36198FC17F05}
	EndGlobalSection
EndGlobal
